// !$*UTF8*$!
{
	archiveVersion = 1;
	classes = {
	};
	objectVersion = 55;
	objects = {

/* Begin PBXBuildFile section */
		D80B9956284A6A1D005B70E2 /* AppDelegate.swift in Sources */ = {isa = PBXBuildFile; fileRef = D80B9955284A6A1D005B70E2 /* AppDelegate.swift */; };
		D80B9958284A6A1D005B70E2 /* SceneDelegate.swift in Sources */ = {isa = PBXBuildFile; fileRef = D80B9957284A6A1D005B70E2 /* SceneDelegate.swift */; };
		D80B995A284A6A1D005B70E2 /* ViewController.swift in Sources */ = {isa = PBXBuildFile; fileRef = D80B9959284A6A1D005B70E2 /* ViewController.swift */; };
		D80B995D284A6A1D005B70E2 /* Main.storyboard in Resources */ = {isa = PBXBuildFile; fileRef = D80B995B284A6A1D005B70E2 /* Main.storyboard */; };
		D80B995F284A6A1E005B70E2 /* Assets.xcassets in Resources */ = {isa = PBXBuildFile; fileRef = D80B995E284A6A1E005B70E2 /* Assets.xcassets */; };
		D80B9962284A6A1E005B70E2 /* LaunchScreen.storyboard in Resources */ = {isa = PBXBuildFile; fileRef = D80B9960284A6A1E005B70E2 /* LaunchScreen.storyboard */; };
		D80B996C284A6A31005B70E2 /* Item.m in Sources */ = {isa = PBXBuildFile; fileRef = D80B996B284A6A31005B70E2 /* Item.m */; };
/* End PBXBuildFile section */

/* Begin PBXFileReference section */
		D80B9952284A6A1D005B70E2 /* OCInSwiftproject.app */ = {isa = PBXFileReference; explicitFileType = wrapper.application; includeInIndex = 0; path = OCInSwiftproject.app; sourceTree = BUILT_PRODUCTS_DIR; };
		D80B9955284A6A1D005B70E2 /* AppDelegate.swift */ = {isa = PBXFileReference; lastKnownFileType = sourcecode.swift; path = AppDelegate.swift; sourceTree = "<group>"; };
		D80B9957284A6A1D005B70E2 /* SceneDelegate.swift */ = {isa = PBXFileReference; lastKnownFileType = sourcecode.swift; path = SceneDelegate.swift; sourceTree = "<group>"; };
		D80B9959284A6A1D005B70E2 /* ViewController.swift */ = {isa = PBXFileReference; lastKnownFileType = sourcecode.swift; path = ViewController.swift; sourceTree = "<group>"; };
		D80B995C284A6A1D005B70E2 /* Base */ = {isa = PBXFileReference; lastKnownFileType = file.storyboard; name = Base; path = Base.lproj/Main.storyboard; sourceTree = "<group>"; };
		D80B995E284A6A1E005B70E2 /* Assets.xcassets */ = {isa = PBXFileReference; lastKnownFileType = folder.assetcatalog; path = Assets.xcassets; sourceTree = "<group>"; };
		D80B9961284A6A1E005B70E2 /* Base */ = {isa = PBXFileReference; lastKnownFileType = file.storyboard; name = Base; path = Base.lproj/LaunchScreen.storyboard; sourceTree = "<group>"; };
		D80B9963284A6A1E005B70E2 /* Info.plist */ = {isa = PBXFileReference; lastKnownFileType = text.plist.xml; path = Info.plist; sourceTree = "<group>"; };
		D80B9969284A6A31005B70E2 /* OCInSwiftproject-Bridging-Header.h */ = {isa = PBXFileReference; lastKnownFileType = sourcecode.c.h; path = "OCInSwiftproject-Bridging-Header.h"; sourceTree = "<group>"; };
		D80B996A284A6A31005B70E2 /* Item.h */ = {isa = PBXFileReference; lastKnownFileType = sourcecode.c.h; path = Item.h; sourceTree = "<group>"; };
		D80B996B284A6A31005B70E2 /* Item.m */ = {isa = PBXFileReference; lastKnownFileType = sourcecode.c.objc; path = Item.m; sourceTree = "<group>"; };
/* End PBXFileReference section */

/* Begin PBXFrameworksBuildPhase section */
		D80B994F284A6A1D005B70E2 /* Frameworks */ = {
			isa = PBXFrameworksBuildPhase;
			buildActionMask = 2147483647;
			files = (
			);
			runOnlyForDeploymentPostprocessing = 0;
		};
/* End PBXFrameworksBuildPhase section */

/* Begin PBXGroup section */
		D80B9949284A6A1D005B70E2 = {
			isa = PBXGroup;
			children = (
				D80B9954284A6A1D005B70E2 /* OCInSwiftproject */,
				D80B9953284A6A1D005B70E2 /* Products */,
			);
			sourceTree = "<group>";
		};
		D80B9953284A6A1D005B70E2 /* Products */ = {
			isa = PBXGroup;
			children = (
				D80B9952284A6A1D005B70E2 /* OCInSwiftproject.app */,
			);
			name = Products;
			sourceTree = "<group>";
		};
		D80B9954284A6A1D005B70E2 /* OCInSwiftproject */ = {
			isa = PBXGroup;
			children = (
				D80B9955284A6A1D005B70E2 /* AppDelegate.swift */,
				D80B9957284A6A1D005B70E2 /* SceneDelegate.swift */,
				D80B9959284A6A1D005B70E2 /* ViewController.swift */,
				D80B996A284A6A31005B70E2 /* Item.h */,
				D80B996B284A6A31005B70E2 /* Item.m */,
				D80B995B284A6A1D005B70E2 /* Main.storyboard */,
				D80B995E284A6A1E005B70E2 /* Assets.xcassets */,
				D80B9960284A6A1E005B70E2 /* LaunchScreen.storyboard */,
				D80B9963284A6A1E005B70E2 /* Info.plist */,
				D80B9969284A6A31005B70E2 /* OCInSwiftproject-Bridging-Header.h */,
			);
			path = OCInSwiftproject;
			sourceTree = "<group>";
		};
/* End PBXGroup section */

/* Begin PBXNativeTarget section */
		D80B9951284A6A1D005B70E2 /* OCInSwiftproject */ = {
			isa = PBXNativeTarget;
			buildConfigurationList = D80B9966284A6A1E005B70E2 /* Build configuration list for PBXNativeTarget "OCInSwiftproject" */;
			buildPhases = (
				D80B994E284A6A1D005B70E2 /* Sources */,
				D80B994F284A6A1D005B70E2 /* Frameworks */,
				D80B9950284A6A1D005B70E2 /* Resources */,
			);
			buildRules = (
			);
			dependencies = (
			);
			name = OCInSwiftproject;
			productName = OCInSwiftproject;
			productReference = D80B9952284A6A1D005B70E2 /* OCInSwiftproject.app */;
			productType = "com.apple.product-type.application";
		};
/* End PBXNativeTarget section */

/* Begin PBXProject section */
		D80B994A284A6A1D005B70E2 /* Project object */ = {
			isa = PBXProject;
			attributes = {
				BuildIndependentTargetsInParallel = 1;
				LastSwiftUpdateCheck = 1340;
				LastUpgradeCheck = 1340;
				TargetAttributes = {
					D80B9951284A6A1D005B70E2 = {
						CreatedOnToolsVersion = 13.4.1;
						LastSwiftMigration = 1340;
					};
				};
			};
			buildConfigurationList = D80B994D284A6A1D005B70E2 /* Build configuration list for PBXProject "OCInSwiftproject" */;
			compatibilityVersion = "Xcode 13.0";
			developmentRegion = en;
			hasScannedForEncodings = 0;
			knownRegions = (
				en,
				Base,
			);
			mainGroup = D80B9949284A6A1D005B70E2;
			productRefGroup = D80B9953284A6A1D005B70E2 /* Products */;
			projectDirPath = "";
			projectRoot = "";
			targets = (
				D80B9951284A6A1D005B70E2 /* OCInSwiftproject */,
			);
		};
/* End PBXProject section */

/* Begin PBXResourcesBuildPhase section */
		D80B9950284A6A1D005B70E2 /* Resources */ = {
			isa = PBXResourcesBuildPhase;
			buildActionMask = 2147483647;
			files = (
				D80B9962284A6A1E005B70E2 /* LaunchScreen.storyboard in Resources */,
				D80B995F284A6A1E005B70E2 /* Assets.xcassets in Resources */,
				D80B995D284A6A1D005B70E2 /* Main.storyboard in Resources */,
			);
			runOnlyForDeploymentPostprocessing = 0;
		};
/* End PBXResourcesBuildPhase section */

/* Begin PBXSourcesBuildPhase section */
		D80B994E284A6A1D005B70E2 /* Sources */ = {
			isa = PBXSourcesBuildPhase;
			buildActionMask = 2147483647;
			files = (
				D80B996C284A6A31005B70E2 /* Item.m in Sources */,
				D80B995A284A6A1D005B70E2 /* ViewController.swift in Sources */,
				D80B9956284A6A1D005B70E2 /* AppDelegate.swift in Sources */,
				D80B9958284A6A1D005B70E2 /* SceneDelegate.swift in Sources */,
			);
			runOnlyForDeploymentPostprocessing = 0;
		};
/* End PBXSourcesBuildPhase section */

/* Begin PBXVariantGroup section */
		D80B995B284A6A1D005B70E2 /* Main.storyboard */ = {
			isa = PBXVariantGroup;
			children = (
				D80B995C284A6A1D005B70E2 /* Base */,
			);
			name = Main.storyboard;
			sourceTree = "<group>";
		};
		D80B9960284A6A1E005B70E2 /* LaunchScreen.storyboard */ = {
			isa = PBXVariantGroup;
			children = (
				D80B9961284A6A1E005B70E2 /* Base */,
			);
			name = LaunchScreen.storyboard;
			sourceTree = "<group>";
		};
/* End PBXVariantGroup section */

/* Begin XCBuildConfiguration section */
		D80B9964284A6A1E005B70E2 /* Debug */ = {
			isa = XCBuildConfiguration;
			buildSettings = {
				ALWAYS_SEARCH_USER_PATHS = NO;
				CLANG_ANALYZER_NONNULL = YES;
				CLANG_ANALYZER_NUMBER_OBJECT_CONVERSION = YES_AGGRESSIVE;
				CLANG_CXX_LANGUAGE_STANDARD = "gnu++17";
				CLANG_ENABLE_MODULES = YES;
				CLANG_ENABLE_OBJC_ARC = YES;
				CLANG_ENABLE_OBJC_WEAK = YES;
				CLANG_WARN_BLOCK_CAPTURE_AUTORELEASING = YES;
				CLANG_WARN_BOOL_CONVERSION = YES;
				CLANG_WARN_COMMA = YES;
				CLANG_WARN_CONSTANT_CONVERSION = YES;
				CLANG_WARN_DEPRECATED_OBJC_IMPLEMENTATIONS = YES;
				CLANG_WARN_DIRECT_OBJC_ISA_USAGE = YES_ERROR;
				CLANG_WARN_DOCUMENTATION_COMMENTS = YES;
				CLANG_WARN_EMPTY_BODY = YES;
				CLANG_WARN_ENUM_CONVERSION = YES;
				CLANG_WARN_INFINITE_RECURSION = YES;
				CLANG_WARN_INT_CONVERSION = YES;
				CLANG_WARN_NON_LITERAL_NULL_CONVERSION = YES;
				CLANG_WARN_OBJC_IMPLICIT_RETAIN_SELF = YES;
				CLANG_WARN_OBJC_LITERAL_CONVERSION = YES;
				CLANG_WARN_OBJC_ROOT_CLASS = YES_ERROR;
				CLANG_WARN_QUOTED_INCLUDE_IN_FRAMEWORK_HEADER = YES;
				CLANG_WARN_RANGE_LOOP_ANALYSIS = YES;
				CLANG_WARN_STRICT_PROTOTYPES = YES;
				CLANG_WARN_SUSPICIOUS_MOVE = YES;
				CLANG_WARN_UNGUARDED_AVAILABILITY = YES_AGGRESSIVE;
				CLANG_WARN_UNREACHABLE_CODE = YES;
				CLANG_WARN__DUPLICATE_METHOD_MATCH = YES;
				COPY_PHASE_STRIP = NO;
				DEBUG_INFORMATION_FORMAT = dwarf;
				ENABLE_STRICT_OBJC_MSGSEND = YES;
				ENABLE_TESTABILITY = YES;
				GCC_C_LANGUAGE_STANDARD = gnu11;
				GCC_DYNAMIC_NO_PIC = NO;
				GCC_NO_COMMON_BLOCKS = YES;
				GCC_OPTIMIZATION_LEVEL = 0;
				GCC_PREPROCESSOR_DEFINITIONS = (
					"DEBUG=1",
					"$(inherited)",
				);
				GCC_WARN_64_TO_32_BIT_CONVERSION = YES;
				GCC_WARN_ABOUT_RETURN_TYPE = YES_ERROR;
				GCC_WARN_UNDECLARED_SELECTOR = YES;
				GCC_WARN_UNINITIALIZED_AUTOS = YES_AGGRESSIVE;
				GCC_WARN_UNUSED_FUNCTION = YES;
				GCC_WARN_UNUSED_VARIABLE = YES;
				IPHONEOS_DEPLOYMENT_TARGET = 15.5;
				MTL_ENABLE_DEBUG_INFO = INCLUDE_SOURCE;
				MTL_FAST_MATH = YES;
				ONLY_ACTIVE_ARCH = YES;
				SDKROOT = iphoneos;
				SWIFT_ACTIVE_COMPILATION_CONDITIONS = DEBUG;
				SWIFT_OPTIMIZATION_LEVEL = "-Onone";
			};
			name = Debug;
		};
		D80B9965284A6A1E005B70E2 /* Release */ = {
			isa = XCBuildConfiguration;
			buildSettings = {
				ALWAYS_SEARCH_USER_PATHS = NO;
				CLANG_ANALYZER_NONNULL = YES;
				CLANG_ANALYZER_NUMBER_OBJECT_CONVERSION = YES_AGGRESSIVE;
				CLANG_CXX_LANGUAGE_STANDARD = "gnu++17";
				CLANG_ENABLE_MODULES = YES;
				CLANG_ENABLE_OBJC_ARC = YES;
				CLANG_ENABLE_OBJC_WEAK = YES;
				CLANG_WARN_BLOCK_CAPTURE_AUTORELEASING = YES;
				CLANG_WARN_BOOL_CONVERSION = YES;
				CLANG_WARN_COMMA = YES;
				CLANG_WARN_CONSTANT_CONVERSION = YES;
				CLANG_WARN_DEPRECATED_OBJC_IMPLEMENTATIONS = YES;
				CLANG_WARN_DIRECT_OBJC_ISA_USAGE = YES_ERROR;
				CLANG_WARN_DOCUMENTATION_COMMENTS = YES;
				CLANG_WARN_EMPTY_BODY = YES;
				CLANG_WARN_ENUM_CONVERSION = YES;
				CLANG_WARN_INFINITE_RECURSION = YES;
				CLANG_WARN_INT_CONVERSION = YES;
				CLANG_WARN_NON_LITERAL_NULL_CONVERSION = YES;
				CLANG_WARN_OBJC_IMPLICIT_RETAIN_SELF = YES;
				CLANG_WARN_OBJC_LITERAL_CONVERSION = YES;
				CLANG_WARN_OBJC_ROOT_CLASS = YES_ERROR;
				CLANG_WARN_QUOTED_INCLUDE_IN_FRAMEWORK_HEADER = YES;
				CLANG_WARN_RANGE_LOOP_ANALYSIS = YES;
				CLANG_WARN_STRICT_PROTOTYPES = YES;
				CLANG_WARN_SUSPICIOUS_MOVE = YES;
				CLANG_WARN_UNGUARDED_AVAILABILITY = YES_AGGRESSIVE;
				CLANG_WARN_UNREACHABLE_CODE = YES;
				CLANG_WARN__DUPLICATE_METHOD_MATCH = YES;
				COPY_PHASE_STRIP = NO;
				DEBUG_INFORMATION_FORMAT = "dwarf-with-dsym";
				ENABLE_NS_ASSERTIONS = NO;
				ENABLE_STRICT_OBJC_MSGSEND = YES;
				GCC_C_LANGUAGE_STANDARD = gnu11;
				GCC_NO_COMMON_BLOCKS = YES;
				GCC_WARN_64_TO_32_BIT_CONVERSION = YES;
				GCC_WARN_ABOUT_RETURN_TYPE = YES_ERROR;
				GCC_WARN_UNDECLARED_SELECTOR = YES;
				GCC_WARN_UNINITIALIZED_AUTOS = YES_AGGRESSIVE;
				GCC_WARN_UNUSED_FUNCTION = YES;
				GCC_WARN_UNUSED_VARIABLE = YES;
				IPHONEOS_DEPLOYMENT_TARGET = 15.5;
				MTL_ENABLE_DEBUG_INFO = NO;
				MTL_FAST_MATH = YES;
				SDKROOT = iphoneos;
				SWIFT_COMPILATION_MODE = wholemodule;
				SWIFT_OPTIMIZATION_LEVEL = "-O";
				VALIDATE_PRODUCT = YES;
			};
			name = Release;
		};
		D80B9967284A6A1E005B70E2 /* Debug */ = {
			isa = XCBuildConfiguration;
			buildSettings = {
				ASSETCATALOG_COMPILER_APPICON_NAME = AppIcon;
				ASSETCATALOG_COMPILER_GLOBAL_ACCENT_COLOR_NAME = AccentColor;
				CLANG_ENABLE_MODULES = YES;
				CODE_SIGN_STYLE = Automatic;
				CURRENT_PROJECT_VERSION = 1;
				DEVELOPMENT_TEAM = V32BKVPBTJ;
				GENERATE_INFOPLIST_FILE = YES;
				INFOPLIST_FILE = OCInSwiftproject/Info.plist;
				INFOPLIST_KEY_UIApplicationSupportsIndirectInputEvents = YES;
				INFOPLIST_KEY_UILaunchStoryboardName = LaunchScreen;
				INFOPLIST_KEY_UIMainStoryboardFile = Main;
				INFOPLIST_KEY_UISupportedInterfaceOrientations_iPad = "UIInterfaceOrientationPortrait UIInterfaceOrientationPortraitUpsideDown UIInterfaceOrientationLandscapeLeft UIInterfaceOrientationLandscapeRight";
				INFOPLIST_KEY_UISupportedInterfaceOrientations_iPhone = "UIInterfaceOrientationPortrait UIInterfaceOrientationLandscapeLeft UIInterfaceOrientationLandscapeRight";
				LD_RUNPATH_SEARCH_PATHS = (
					"$(inherited)",
					"@executable_path/Frameworks",
				);
				MARKETING_VERSION = 1.0;
				PRODUCT_BUNDLE_IDENTIFIER = top.haoboxuxu.OCInSwiftproject;
				PRODUCT_NAME = "$(TARGET_NAME)";
				SWIFT_EMIT_LOC_STRINGS = YES;
				SWIFT_OBJC_BRIDGING_HEADER = "OCInSwiftproject/OCInSwiftproject-Bridging-Header.h";
				SWIFT_OPTIMIZATION_LEVEL = "-Onone";
				SWIFT_VERSION = 5.0;
				TARGETED_DEVICE_FAMILY = "1,2";
			};
			name = Debug;
		};
		D80B9968284A6A1E005B70E2 /* Release */ = {
			isa = XCBuildConfiguration;
			buildSettings = {
				ASSETCATALOG_COMPILER_APPICON_NAME = AppIcon;
				ASSETCATALOG_COMPILER_GLOBAL_ACCENT_COLOR_NAME = AccentColor;
				CLANG_ENABLE_MODULES = YES;
				CODE_SIGN_STYLE = Automatic;
				CURRENT_PROJECT_VERSION = 1;
				DEVELOPMENT_TEAM = V32BKVPBTJ;
				GENERATE_INFOPLIST_FILE = YES;
				INFOPLIST_FILE = OCInSwiftproject/Info.plist;
				INFOPLIST_KEY_UIApplicationSupportsIndirectInputEvents = YES;
				INFOPLIST_KEY_UILaunchStoryboardName = LaunchScreen;
				INFOPLIST_KEY_UIMainStoryboardFile = Main;
				INFOPLIST_KEY_UISupportedInterfaceOrientations_iPad = "UIInterfaceOrientationPortrait UIInterfaceOrientationPortraitUpsideDown UIInterfaceOrientationLandscapeLeft UIInterfaceOrientationLandscapeRight";
				INFOPLIST_KEY_UISupportedInterfaceOrientations_iPhone = "UIInterfaceOrientationPortrait UIInterfaceOrientationLandscapeLeft UIInterfaceOrientationLandscapeRight";
				LD_RUNPATH_SEARCH_PATHS = (
					"$(inherited)",
					"@executable_path/Frameworks",
				);
				MARKETING_VERSION = 1.0;
				PRODUCT_BUNDLE_IDENTIFIER = top.haoboxuxu.OCInSwiftproject;
				PRODUCT_NAME = "$(TARGET_NAME)";
				SWIFT_EMIT_LOC_STRINGS = YES;
				SWIFT_OBJC_BRIDGING_HEADER = "OCInSwiftproject/OCInSwiftproject-Bridging-Header.h";
				SWIFT_VERSION = 5.0;
				TARGETED_DEVICE_FAMILY = "1,2";
			};
			name = Release;
		};
/* End XCBuildConfiguration section */

/* Begin XCConfigurationList section */
		D80B994D284A6A1D005B70E2 /* Build configuration list for PBXProject "OCInSwiftproject" */ = {
			isa = XCConfigurationList;
			buildConfigurations = (
				D80B9964284A6A1E005B70E2 /* Debug */,
				D80B9965284A6A1E005B70E2 /* Release */,
			);
			defaultConfigurationIsVisible = 0;
			defaultConfigurationName = Release;
		};
		D80B9966284A6A1E005B70E2 /* Build configuration list for PBXNativeTarget "OCInSwiftproject" */ = {
			isa = XCConfigurationList;
			buildConfigurations = (
				D80B9967284A6A1E005B70E2 /* Debug */,
				D80B9968284A6A1E005B70E2 /* Release */,
			);
			defaultConfigurationIsVisible = 0;
			defaultConfigurationName = Release;
		};
/* End XCConfigurationList section */
	};
	rootObject = D80B994A284A6A1D005B70E2 /* Project object */;
}
